
Microsoft Visual Studio Solution File, Format Version 12.00
# Visual Studio 15
VisualStudioVersion = 15.0.25807.0
MinimumVisualStudioVersion = 10.0.40219.1
Project("{2150E333-8FDC-42A3-9474-1A3956D46DE8}") = "Engine", "Engine", "{9794C757-BBC2-41F8-904A-19F0AF2C2130}"
EndProject
Project("{2150E333-8FDC-42A3-9474-1A3956D46DE8}") = "Games", "Games", "{0A39A73B-D6FE-475A-BF6E-EA78DAD4FC5E}"
EndProject
Project("{8BC9CEB8-8B4A-11D0-8D11-00A0C91BC942}") = "UE4", "Intermediate\ProjectFiles\UE4.vcxproj", "{48F89902-BC4B-436A-AE30-5FDE3BFF7E00}"
EndProject
Project("{8BC9CEB8-8B4A-11D0-8D11-00A0C91BC942}") = "UnrealCourse", "Intermediate\ProjectFiles\UnrealCourse.vcxproj", "{88F79FFB-F0BC-4E06-ACAB-90F68B61C04E}"
EndProject
Global
	GlobalSection(SolutionConfigurationPlatforms) = preSolution
		DebugGame Editor|HTML5 = DebugGame Editor|HTML5
		DebugGame Editor|Win32 = DebugGame Editor|Win32
		DebugGame Editor|Win64 = DebugGame Editor|Win64
		DebugGame|HTML5 = DebugGame|HTML5
		DebugGame|Win32 = DebugGame|Win32
		DebugGame|Win64 = DebugGame|Win64
		Development Editor|HTML5 = Development Editor|HTML5
		Development Editor|Win32 = Development Editor|Win32
		Development Editor|Win64 = Development Editor|Win64
		Development|HTML5 = Development|HTML5
		Development|Win32 = Development|Win32
		Development|Win64 = Development|Win64
		Shipping|HTML5 = Shipping|HTML5
		Shipping|Win32 = Shipping|Win32
		Shipping|Win64 = Shipping|Win64
	EndGlobalSection
	GlobalSection(ProjectConfigurationPlatforms) = postSolution
		{88F79FFB-F0BC-4E06-ACAB-90F68B61C04E}.DebugGame Editor|HTML5.ActiveCfg = HTML5_DebugGame_Editor|Win32
		{88F79FFB-F0BC-4E06-ACAB-90F68B61C04E}.DebugGame Editor|Win32.ActiveCfg = DebugGame_Editor|Win32
		{88F79FFB-F0BC-4E06-ACAB-90F68B61C04E}.DebugGame Editor|Win64.ActiveCfg = DebugGame_Editor|x64
		{88F79FFB-F0BC-4E06-ACAB-90F68B61C04E}.DebugGame Editor|Win64.Build.0 = DebugGame_Editor|x64
		{88F79FFB-F0BC-4E06-ACAB-90F68B61C04E}.DebugGame|HTML5.ActiveCfg = HTML5_DebugGame_Game|Win32
		{88F79FFB-F0BC-4E06-ACAB-90F68B61C04E}.DebugGame|HTML5.Build.0 = HTML5_DebugGame_Game|Win32
		{88F79FFB-F0BC-4E06-ACAB-90F68B61C04E}.DebugGame|Win32.ActiveCfg = DebugGame_Game|Win32
		{88F79FFB-F0BC-4E06-ACAB-90F68B61C04E}.DebugGame|Win32.Build.0 = DebugGame_Game|Win32
		{88F79FFB-F0BC-4E06-ACAB-90F68B61C04E}.DebugGame|Win64.ActiveCfg = DebugGame_Game|x64
		{88F79FFB-F0BC-4E06-ACAB-90F68B61C04E}.DebugGame|Win64.Build.0 = DebugGame_Game|x64
		{88F79FFB-F0BC-4E06-ACAB-90F68B61C04E}.Development Editor|HTML5.ActiveCfg = HTML5_Development_Editor|Win32
		{88F79FFB-F0BC-4E06-ACAB-90F68B61C04E}.Development Editor|Win32.ActiveCfg = Development_Editor|Win32
		{88F79FFB-F0BC-4E06-ACAB-90F68B61C04E}.Development Editor|Win64.ActiveCfg = Development_Editor|x64
		{88F79FFB-F0BC-4E06-ACAB-90F68B61C04E}.Development Editor|Win64.Build.0 = Development_Editor|x64
		{88F79FFB-F0BC-4E06-ACAB-90F68B61C04E}.Development|HTML5.ActiveCfg = HTML5_Development_Game|Win32
		{88F79FFB-F0BC-4E06-ACAB-90F68B61C04E}.Development|HTML5.Build.0 = HTML5_Development_Game|Win32
		{88F79FFB-F0BC-4E06-ACAB-90F68B61C04E}.Development|Win32.ActiveCfg = Development_Game|Win32
		{88F79FFB-F0BC-4E06-ACAB-90F68B61C04E}.Development|Win32.Build.0 = Development_Game|Win32
		{88F79FFB-F0BC-4E06-ACAB-90F68B61C04E}.Development|Win64.ActiveCfg = Development_Game|x64
		{88F79FFB-F0BC-4E06-ACAB-90F68B61C04E}.Development|Win64.Build.0 = Development_Game|x64
		{88F79FFB-F0BC-4E06-ACAB-90F68B61C04E}.Shipping|HTML5.ActiveCfg = HTML5_Shipping_Game|Win32
		{88F79FFB-F0BC-4E06-ACAB-90F68B61C04E}.Shipping|HTML5.Build.0 = HTML5_Shipping_Game|Win32
		{88F79FFB-F0BC-4E06-ACAB-90F68B61C04E}.Shipping|Win32.ActiveCfg = Shipping_Game|Win32
		{88F79FFB-F0BC-4E06-ACAB-90F68B61C04E}.Shipping|Win32.Build.0 = Shipping_Game|Win32
		{88F79FFB-F0BC-4E06-ACAB-90F68B61C04E}.Shipping|Win64.ActiveCfg = Shipping_Game|x64
		{88F79FFB-F0BC-4E06-ACAB-90F68B61C04E}.Shipping|Win64.Build.0 = Shipping_Game|x64
	EndGlobalSection
	GlobalSection(SolutionProperties) = preSolution
		HideSolutionNode = FALSE
	EndGlobalSection
	GlobalSection(NestedProjects) = preSolution
		{48F89902-BC4B-436A-AE30-5FDE3BFF7E00} = {9794C757-BBC2-41F8-904A-19F0AF2C2130}
		{88F79FFB-F0BC-4E06-ACAB-90F68B61C04E} = {0A39A73B-D6FE-475A-BF6E-EA78DAD4FC5E}
	EndGlobalSection
EndGlobal
