
Microsoft Visual Studio Solution File, Format Version 12.00
# Visual Studio 15
VisualStudioVersion = 15.0.26430.6
MinimumVisualStudioVersion = 10.0.40219.1
Project("{2150E333-8FDC-42A3-9474-1A3956D46DE8}") = "Engine", "Engine", "{A092357A-DE9B-47DC-86A2-D0FE71796C9C}"
EndProject
Project("{2150E333-8FDC-42A3-9474-1A3956D46DE8}") = "Games", "Games", "{F0C87E15-D01A-43C9-93E3-5D83FB69EE3C}"
EndProject
Project("{8BC9CEB8-8B4A-11D0-8D11-00A0C91BC942}") = "UE4", "Intermediate\ProjectFiles\UE4.vcxproj", "{6755FA52-5B11-4D2C-8F8C-E09A5B6AB092}"
EndProject
Project("{8BC9CEB8-8B4A-11D0-8D11-00A0C91BC942}") = "UnrealCourse", "Intermediate\ProjectFiles\UnrealCourse.vcxproj", "{D952F804-DD44-4598-8866-AEE9834E5D36}"
EndProject
Global
	GlobalSection(SolutionConfigurationPlatforms) = preSolution
		DebugGame Editor|HTML5 = DebugGame Editor|HTML5
		DebugGame Editor|Win32 = DebugGame Editor|Win32
		DebugGame Editor|Win64 = DebugGame Editor|Win64
		DebugGame|HTML5 = DebugGame|HTML5
		DebugGame|Win32 = DebugGame|Win32
		DebugGame|Win64 = DebugGame|Win64
		Development Editor|HTML5 = Development Editor|HTML5
		Development Editor|Win32 = Development Editor|Win32
		Development Editor|Win64 = Development Editor|Win64
		Development|HTML5 = Development|HTML5
		Development|Win32 = Development|Win32
		Development|Win64 = Development|Win64
		Shipping|HTML5 = Shipping|HTML5
		Shipping|Win32 = Shipping|Win32
		Shipping|Win64 = Shipping|Win64
	EndGlobalSection
	GlobalSection(ProjectConfigurationPlatforms) = postSolution
		{6755FA52-5B11-4D2C-8F8C-E09A5B6AB092}.DebugGame Editor|HTML5.ActiveCfg = BuiltWithUnrealBuildTool|Win32
		{6755FA52-5B11-4D2C-8F8C-E09A5B6AB092}.DebugGame Editor|HTML5.Build.0 = BuiltWithUnrealBuildTool|Win32
		{6755FA52-5B11-4D2C-8F8C-E09A5B6AB092}.DebugGame Editor|Win32.ActiveCfg = BuiltWithUnrealBuildTool|Win32
		{6755FA52-5B11-4D2C-8F8C-E09A5B6AB092}.DebugGame Editor|Win32.Build.0 = BuiltWithUnrealBuildTool|Win32
		{6755FA52-5B11-4D2C-8F8C-E09A5B6AB092}.DebugGame Editor|Win64.ActiveCfg = BuiltWithUnrealBuildTool|Win32
		{6755FA52-5B11-4D2C-8F8C-E09A5B6AB092}.DebugGame Editor|Win64.Build.0 = BuiltWithUnrealBuildTool|Win32
		{6755FA52-5B11-4D2C-8F8C-E09A5B6AB092}.DebugGame|HTML5.ActiveCfg = BuiltWithUnrealBuildTool|Win32
		{6755FA52-5B11-4D2C-8F8C-E09A5B6AB092}.DebugGame|HTML5.Build.0 = BuiltWithUnrealBuildTool|Win32
		{6755FA52-5B11-4D2C-8F8C-E09A5B6AB092}.DebugGame|Win32.ActiveCfg = BuiltWithUnrealBuildTool|Win32
		{6755FA52-5B11-4D2C-8F8C-E09A5B6AB092}.DebugGame|Win32.Build.0 = BuiltWithUnrealBuildTool|Win32
		{6755FA52-5B11-4D2C-8F8C-E09A5B6AB092}.DebugGame|Win64.ActiveCfg = BuiltWithUnrealBuildTool|Win32
		{6755FA52-5B11-4D2C-8F8C-E09A5B6AB092}.DebugGame|Win64.Build.0 = BuiltWithUnrealBuildTool|Win32
		{6755FA52-5B11-4D2C-8F8C-E09A5B6AB092}.Development Editor|HTML5.ActiveCfg = BuiltWithUnrealBuildTool|Win32
		{6755FA52-5B11-4D2C-8F8C-E09A5B6AB092}.Development Editor|HTML5.Build.0 = BuiltWithUnrealBuildTool|Win32
		{6755FA52-5B11-4D2C-8F8C-E09A5B6AB092}.Development Editor|Win32.ActiveCfg = BuiltWithUnrealBuildTool|Win32
		{6755FA52-5B11-4D2C-8F8C-E09A5B6AB092}.Development Editor|Win32.Build.0 = BuiltWithUnrealBuildTool|Win32
		{6755FA52-5B11-4D2C-8F8C-E09A5B6AB092}.Development Editor|Win64.ActiveCfg = BuiltWithUnrealBuildTool|Win32
		{6755FA52-5B11-4D2C-8F8C-E09A5B6AB092}.Development Editor|Win64.Build.0 = BuiltWithUnrealBuildTool|Win32
		{6755FA52-5B11-4D2C-8F8C-E09A5B6AB092}.Development|HTML5.ActiveCfg = BuiltWithUnrealBuildTool|Win32
		{6755FA52-5B11-4D2C-8F8C-E09A5B6AB092}.Development|HTML5.Build.0 = BuiltWithUnrealBuildTool|Win32
		{6755FA52-5B11-4D2C-8F8C-E09A5B6AB092}.Development|Win32.ActiveCfg = BuiltWithUnrealBuildTool|Win32
		{6755FA52-5B11-4D2C-8F8C-E09A5B6AB092}.Development|Win32.Build.0 = BuiltWithUnrealBuildTool|Win32
		{6755FA52-5B11-4D2C-8F8C-E09A5B6AB092}.Development|Win64.ActiveCfg = BuiltWithUnrealBuildTool|Win32
		{6755FA52-5B11-4D2C-8F8C-E09A5B6AB092}.Development|Win64.Build.0 = BuiltWithUnrealBuildTool|Win32
		{6755FA52-5B11-4D2C-8F8C-E09A5B6AB092}.Shipping|HTML5.ActiveCfg = BuiltWithUnrealBuildTool|Win32
		{6755FA52-5B11-4D2C-8F8C-E09A5B6AB092}.Shipping|HTML5.Build.0 = BuiltWithUnrealBuildTool|Win32
		{6755FA52-5B11-4D2C-8F8C-E09A5B6AB092}.Shipping|Win32.ActiveCfg = BuiltWithUnrealBuildTool|Win32
		{6755FA52-5B11-4D2C-8F8C-E09A5B6AB092}.Shipping|Win32.Build.0 = BuiltWithUnrealBuildTool|Win32
		{6755FA52-5B11-4D2C-8F8C-E09A5B6AB092}.Shipping|Win64.ActiveCfg = BuiltWithUnrealBuildTool|Win32
		{6755FA52-5B11-4D2C-8F8C-E09A5B6AB092}.Shipping|Win64.Build.0 = BuiltWithUnrealBuildTool|Win32
		{D952F804-DD44-4598-8866-AEE9834E5D36}.DebugGame Editor|HTML5.ActiveCfg = HTML5_DebugGame_Editor|Win32
		{D952F804-DD44-4598-8866-AEE9834E5D36}.DebugGame Editor|Win32.ActiveCfg = DebugGame_Editor|Win32
		{D952F804-DD44-4598-8866-AEE9834E5D36}.DebugGame Editor|Win64.ActiveCfg = DebugGame_Editor|x64
		{D952F804-DD44-4598-8866-AEE9834E5D36}.DebugGame Editor|Win64.Build.0 = DebugGame_Editor|x64
		{D952F804-DD44-4598-8866-AEE9834E5D36}.DebugGame|HTML5.ActiveCfg = HTML5_DebugGame_Game|Win32
		{D952F804-DD44-4598-8866-AEE9834E5D36}.DebugGame|HTML5.Build.0 = HTML5_DebugGame_Game|Win32
		{D952F804-DD44-4598-8866-AEE9834E5D36}.DebugGame|Win32.ActiveCfg = DebugGame_Game|Win32
		{D952F804-DD44-4598-8866-AEE9834E5D36}.DebugGame|Win32.Build.0 = DebugGame_Game|Win32
		{D952F804-DD44-4598-8866-AEE9834E5D36}.DebugGame|Win64.ActiveCfg = DebugGame_Game|x64
		{D952F804-DD44-4598-8866-AEE9834E5D36}.DebugGame|Win64.Build.0 = DebugGame_Game|x64
		{D952F804-DD44-4598-8866-AEE9834E5D36}.Development Editor|HTML5.ActiveCfg = HTML5_Development_Editor|Win32
		{D952F804-DD44-4598-8866-AEE9834E5D36}.Development Editor|Win32.ActiveCfg = Development_Editor|Win32
		{D952F804-DD44-4598-8866-AEE9834E5D36}.Development Editor|Win64.ActiveCfg = Development_Editor|x64
		{D952F804-DD44-4598-8866-AEE9834E5D36}.Development Editor|Win64.Build.0 = Development_Editor|x64
		{D952F804-DD44-4598-8866-AEE9834E5D36}.Development|HTML5.ActiveCfg = HTML5_Development_Game|Win32
		{D952F804-DD44-4598-8866-AEE9834E5D36}.Development|HTML5.Build.0 = HTML5_Development_Game|Win32
		{D952F804-DD44-4598-8866-AEE9834E5D36}.Development|Win32.ActiveCfg = Development_Game|Win32
		{D952F804-DD44-4598-8866-AEE9834E5D36}.Development|Win32.Build.0 = Development_Game|Win32
		{D952F804-DD44-4598-8866-AEE9834E5D36}.Development|Win64.ActiveCfg = Development_Game|x64
		{D952F804-DD44-4598-8866-AEE9834E5D36}.Development|Win64.Build.0 = Development_Game|x64
		{D952F804-DD44-4598-8866-AEE9834E5D36}.Shipping|HTML5.ActiveCfg = HTML5_Shipping_Game|Win32
		{D952F804-DD44-4598-8866-AEE9834E5D36}.Shipping|HTML5.Build.0 = HTML5_Shipping_Game|Win32
		{D952F804-DD44-4598-8866-AEE9834E5D36}.Shipping|Win32.ActiveCfg = Shipping_Game|Win32
		{D952F804-DD44-4598-8866-AEE9834E5D36}.Shipping|Win32.Build.0 = Shipping_Game|Win32
		{D952F804-DD44-4598-8866-AEE9834E5D36}.Shipping|Win64.ActiveCfg = Shipping_Game|x64
		{D952F804-DD44-4598-8866-AEE9834E5D36}.Shipping|Win64.Build.0 = Shipping_Game|x64
	EndGlobalSection
	GlobalSection(SolutionProperties) = preSolution
		HideSolutionNode = FALSE
	EndGlobalSection
	GlobalSection(NestedProjects) = preSolution
		{6755FA52-5B11-4D2C-8F8C-E09A5B6AB092} = {A092357A-DE9B-47DC-86A2-D0FE71796C9C}
		{D952F804-DD44-4598-8866-AEE9834E5D36} = {F0C87E15-D01A-43C9-93E3-5D83FB69EE3C}
	EndGlobalSection
EndGlobal
